{
  "requires": true,
  "lockfileVersion": 1,
  "dependencies": {
    "wx-extend": {
      "version": "1.0.2",
      "resolved": "https://registry.npmmirror.com/wx-extend/-/wx-extend-1.0.2.tgz",
      "integrity": "sha512-Hx/TxKr6IUu+XnHDXtdeGl825R1vh760OhmL8G3BatAcLkeOup5FzCe/dxV8U9nfuWyWhX/mbBpH7WfIh64XZw=="
    }
  }
}
